# Danger! Multiple jars contain identically named classes. This may cause different behaviour depending on classpath ordering.
# Run ./gradlew checkClassUniqueness --write-locks to update this file

## runtimeClasspath
[jakarta.annotation:jakarta.annotation-api, javax.annotation:javax.annotation-api]
  - javax.annotation.Resource$AuthenticationType
[jakarta.ws.rs:jakarta.ws.rs-api, javax.ws.rs:javax.ws.rs-api]
  - javax.ws.rs.ApplicationPath
  - javax.ws.rs.BadRequestException
  - javax.ws.rs.BeanParam
  - javax.ws.rs.ClientErrorException
  - javax.ws.rs.ConstrainedTo
  - javax.ws.rs.Consumes
  - javax.ws.rs.CookieParam
  - javax.ws.rs.DELETE
  - javax.ws.rs.DefaultValue
  - javax.ws.rs.Encoded
  - javax.ws.rs.ForbiddenException
  - javax.ws.rs.FormParam
  - javax.ws.rs.GET
  - javax.ws.rs.HEAD
  - javax.ws.rs.HeaderParam
  - javax.ws.rs.HttpMethod
  - javax.ws.rs.InternalServerErrorException
  - javax.ws.rs.MatrixParam
  - javax.ws.rs.NameBinding
  - javax.ws.rs.NotAcceptableException
  - javax.ws.rs.NotAllowedException
  - javax.ws.rs.NotAuthorizedException
  - javax.ws.rs.NotFoundException
  - javax.ws.rs.NotSupportedException
  - javax.ws.rs.OPTIONS
  - javax.ws.rs.POST
  - javax.ws.rs.PUT
  - javax.ws.rs.Path
  - javax.ws.rs.PathParam
  - javax.ws.rs.Priorities
  - javax.ws.rs.ProcessingException
  - javax.ws.rs.Produces
  - javax.ws.rs.QueryParam
  - javax.ws.rs.RedirectionException
  - javax.ws.rs.RuntimeType
  - javax.ws.rs.ServerErrorException
  - javax.ws.rs.ServiceUnavailableException
  - javax.ws.rs.WebApplicationException
  - javax.ws.rs.client.AsyncInvoker
  - javax.ws.rs.client.Client
  - javax.ws.rs.client.ClientBuilder
  - javax.ws.rs.client.ClientRequestContext
  - javax.ws.rs.client.ClientRequestFilter
  - javax.ws.rs.client.ClientResponseContext
  - javax.ws.rs.client.ClientResponseFilter
  - javax.ws.rs.client.Entity
  - javax.ws.rs.client.FactoryFinder
  - javax.ws.rs.client.Invocation
  - javax.ws.rs.client.Invocation$Builder
  - javax.ws.rs.client.InvocationCallback
  - javax.ws.rs.client.ResponseProcessingException
  - javax.ws.rs.client.SyncInvoker
  - javax.ws.rs.client.WebTarget
  - javax.ws.rs.container.AsyncResponse
  - javax.ws.rs.container.CompletionCallback
  - javax.ws.rs.container.ConnectionCallback
  - javax.ws.rs.container.ContainerRequestContext
  - javax.ws.rs.container.ContainerRequestFilter
  - javax.ws.rs.container.ContainerResponseContext
  - javax.ws.rs.container.ContainerResponseFilter
  - javax.ws.rs.container.DynamicFeature
  - javax.ws.rs.container.PreMatching
  - javax.ws.rs.container.ResourceContext
  - javax.ws.rs.container.ResourceInfo
  - javax.ws.rs.container.Suspended
  - javax.ws.rs.container.TimeoutHandler
  - javax.ws.rs.core.AbstractMultivaluedMap
  - javax.ws.rs.core.Application
  - javax.ws.rs.core.CacheControl
  - javax.ws.rs.core.Configurable
  - javax.ws.rs.core.Configuration
  - javax.ws.rs.core.Context
  - javax.ws.rs.core.Cookie
  - javax.ws.rs.core.EntityTag
  - javax.ws.rs.core.Feature
  - javax.ws.rs.core.FeatureContext
  - javax.ws.rs.core.Form
  - javax.ws.rs.core.Form$1
  - javax.ws.rs.core.GenericEntity
  - javax.ws.rs.core.GenericType
  - javax.ws.rs.core.HttpHeaders
  - javax.ws.rs.core.Link
  - javax.ws.rs.core.Link$Builder
  - javax.ws.rs.core.Link$JaxbAdapter
  - javax.ws.rs.core.Link$JaxbLink
  - javax.ws.rs.core.MediaType
  - javax.ws.rs.core.MediaType$1
  - javax.ws.rs.core.MediaType$2
  - javax.ws.rs.core.MultivaluedHashMap
  - javax.ws.rs.core.MultivaluedMap
  - javax.ws.rs.core.NewCookie
  - javax.ws.rs.core.NoContentException
  - javax.ws.rs.core.PathSegment
  - javax.ws.rs.core.Request
  - javax.ws.rs.core.Response
  - javax.ws.rs.core.Response$ResponseBuilder
  - javax.ws.rs.core.Response$Status
  - javax.ws.rs.core.Response$Status$Family
  - javax.ws.rs.core.Response$StatusType
  - javax.ws.rs.core.SecurityContext
  - javax.ws.rs.core.StreamingOutput
  - javax.ws.rs.core.UriBuilder
  - javax.ws.rs.core.UriBuilderException
  - javax.ws.rs.core.UriInfo
  - javax.ws.rs.core.Variant
  - javax.ws.rs.core.Variant$VariantListBuilder
  - javax.ws.rs.ext.ContextResolver
  - javax.ws.rs.ext.ExceptionMapper
  - javax.ws.rs.ext.FactoryFinder
  - javax.ws.rs.ext.InterceptorContext
  - javax.ws.rs.ext.MessageBodyReader
  - javax.ws.rs.ext.MessageBodyWriter
  - javax.ws.rs.ext.ParamConverter
  - javax.ws.rs.ext.ParamConverter$Lazy
  - javax.ws.rs.ext.ParamConverterProvider
  - javax.ws.rs.ext.Provider
  - javax.ws.rs.ext.Providers
  - javax.ws.rs.ext.ReaderInterceptor
  - javax.ws.rs.ext.ReaderInterceptorContext
  - javax.ws.rs.ext.RuntimeDelegate
  - javax.ws.rs.ext.RuntimeDelegate$HeaderDelegate
  - javax.ws.rs.ext.WriterInterceptor
  - javax.ws.rs.ext.WriterInterceptorContext
[javax.inject:javax.inject, org.glassfish.hk2.external:javax.inject]
  - javax.inject.Inject
  - javax.inject.Named
  - javax.inject.Provider
  - javax.inject.Qualifier
  - javax.inject.Scope
  - javax.inject.Singleton
