# Run ./gradlew --write-locks to regenerate this file
com.fasterxml.jackson.core:jackson-annotations:2.13.4 (4 constraints: 6243172e)
com.fasterxml.jackson.core:jackson-core:2.13.4 (3 constraints: 5840e271)
com.fasterxml.jackson.core:jackson-databind:2.13.4.1 (7 constraints: 0971bb5e)
com.fasterxml.jackson.dataformat:jackson-dataformat-yaml:2.13.4 (1 constraints: 3905393b)
com.fasterxml.jackson.datatype:jackson-datatype-jdk8:2.13.4 (1 constraints: 3905393b)
com.google.code.findbugs:jsr305:3.0.2 (3 constraints: b41e96b5)
com.google.errorprone:error_prone_annotations:2.11.0 (7 constraints: 845e4ce7)
com.google.guava:failureaccess:1.0.1 (1 constraints: 140ae1b4)
com.google.guava:guava:31.1-jre (2 constraints: 911af30d)
com.google.guava:listenablefuture:9999.0-empty-to-avoid-conflict-with-guava (1 constraints: bd17c918)
com.google.j2objc:j2objc-annotations:1.3 (1 constraints: b809eda0)
com.palantir.conjure.java:conjure-lib:6.65.0 (1 constraints: 43056a3b)
com.palantir.conjure.java.api:errors:2.27.0 (1 constraints: 2310a3a9)
com.palantir.ri:resource-identifier:2.5.0 (1 constraints: ef0f7999)
com.palantir.safe-logging:logger:3.1.0 (1 constraints: d20d7837)
com.palantir.safe-logging:logger-slf4j:3.1.0 (1 constraints: ff0d5642)
com.palantir.safe-logging:logger-spi:3.1.0 (2 constraints: 0d1e647a)
com.palantir.safe-logging:preconditions:3.1.0 (4 constraints: c740851c)
com.palantir.safe-logging:safe-logging:3.1.0 (6 constraints: db60c11d)
com.palantir.syntactic-paths:syntactic-paths:0.9.0 (1 constraints: 0b050636)
com.palantir.tokens:auth-tokens:3.16.0 (1 constraints: 20109ca9)
commons-io:commons-io:2.11.0 (1 constraints: 3605323b)
info.picocli:picocli:4.6.3 (1 constraints: 0f051436)
jakarta.annotation:jakarta.annotation-api:1.3.5 (2 constraints: e420a159)
jakarta.ws.rs:jakarta.ws.rs-api:2.1.6 (2 constraints: e420a159)
org.apache.commons:commons-lang3:3.12.0 (2 constraints: 59147a75)
org.checkerframework:checker-qual:3.12.0 (1 constraints: 480a3bbf)
org.glassfish.hk2:osgi-resource-locator:1.0.3 (1 constraints: ef10e7c2)
org.glassfish.hk2.external:jakarta.inject:2.6.1 (1 constraints: f410fcc2)
org.glassfish.jersey.core:jersey-common:2.34 (1 constraints: dd04fd30)
org.immutables:value:2.8.8 (1 constraints: 14051536)
org.jetbrains:annotations:23.0.0 (2 constraints: 67160e0c)
org.slf4j:slf4j-api:1.7.36 (6 constraints: 8d4a5042)
org.slf4j:slf4j-simple:1.7.36 (1 constraints: 43054b3b)
org.yaml:snakeyaml:1.31 (1 constraints: 6d17f627)

[Test dependencies]
com.ethlo.time:itu:1.7.0 (1 constraints: 7e0ff07d)
com.jayway.jsonpath:json-path:2.7.0 (1 constraints: 0b050a36)
com.networknt:json-schema-validator:1.0.73 (1 constraints: 3d05343b)
junit:junit:4.13.2 (2 constraints: eb154ef7)
net.bytebuddy:byte-buddy:1.12.14 (2 constraints: ed164366)
net.bytebuddy:byte-buddy-agent:1.12.14 (1 constraints: 730bace9)
net.jqwik:jqwik:1.7.0 (1 constraints: 0a050536)
net.jqwik:jqwik-api:1.7.0 (4 constraints: 53240249)
net.jqwik:jqwik-engine:1.7.0 (1 constraints: 9b07f76c)
net.jqwik:jqwik-time:1.7.0 (1 constraints: 9b07f76c)
net.jqwik:jqwik-web:1.7.0 (1 constraints: 9b07f76c)
net.minidev:accessors-smart:2.4.7 (1 constraints: 4e0a90b8)
net.minidev:json-smart:2.4.7 (1 constraints: 0a0d3619)
org.apiguardian:apiguardian-api:1.1.2 (11 constraints: c89176c7)
org.assertj:assertj-core:3.23.1 (1 constraints: 3b05433b)
org.hamcrest:hamcrest:2.2 (1 constraints: 720b95d5)
org.hamcrest:hamcrest-core:2.2 (2 constraints: 730adbbf)
org.junit.jupiter:junit-jupiter:5.9.1 (1 constraints: 11052036)
org.junit.jupiter:junit-jupiter-api:5.9.1 (3 constraints: 762f7ddd)
org.junit.jupiter:junit-jupiter-engine:5.9.1 (1 constraints: 0c0ee13b)
org.junit.jupiter:junit-jupiter-params:5.9.1 (1 constraints: 0c0ee13b)
org.junit.platform:junit-platform-commons:1.9.1 (4 constraints: 2134e7af)
org.junit.platform:junit-platform-engine:1.9.1 (3 constraints: 6b2b06f0)
org.junit.vintage:junit-vintage-engine:5.9.1 (1 constraints: 11052036)
org.mockito:mockito-core:4.8.0 (1 constraints: 0e051736)
org.objenesis:objenesis:3.2 (1 constraints: b10a13bd)
org.opentest4j:opentest4j:1.2.0 (6 constraints: 72469adf)
org.ow2.asm:asm:9.1 (1 constraints: f90bdbe3)
