# Run ./gradlew --write-locks to regenerate this file
com.fasterxml.jackson.core:jackson-annotations:2.13.2 (4 constraints: 2e438def)
com.fasterxml.jackson.core:jackson-core:2.13.2 (3 constraints: 52406070)
com.fasterxml.jackson.core:jackson-databind:2.13.2.1 (6 constraints: b1617134)
com.fasterxml.jackson.dataformat:jackson-dataformat-yaml:2.13.2 (1 constraints: 3905393b)
com.fasterxml.jackson.datatype:jackson-datatype-jdk8:2.13.2 (1 constraints: 3905393b)
com.google.code.findbugs:jsr305:3.0.2 (3 constraints: b41e96b5)
com.google.errorprone:error_prone_annotations:2.11.0 (7 constraints: 845e4ce7)
com.google.guava:failureaccess:1.0.1 (1 constraints: 140ae1b4)
com.google.guava:guava:31.1-jre (2 constraints: 271929a6)
com.google.guava:listenablefuture:9999.0-empty-to-avoid-conflict-with-guava (1 constraints: bd17c918)
com.google.j2objc:j2objc-annotations:1.3 (1 constraints: b809eda0)
com.palantir.conjure.java:conjure-lib:6.44.0 (1 constraints: 40055f3b)
com.palantir.conjure.java.api:errors:2.24.0 (1 constraints: 20109aa9)
com.palantir.ri:resource-identifier:2.4.0 (1 constraints: ee0f7699)
com.palantir.safe-logging:logger:1.26.0 (1 constraints: 070e8745)
com.palantir.safe-logging:logger-slf4j:1.26.0 (1 constraints: 340e9150)
com.palantir.safe-logging:logger-spi:1.26.0 (2 constraints: 771ed8b0)
com.palantir.safe-logging:preconditions:1.26.0 (3 constraints: ed2dcf87)
com.palantir.safe-logging:safe-logging:1.26.0 (5 constraints: 6d4e07a8)
com.palantir.syntactic-paths:syntactic-paths:0.6.1 (1 constraints: 0905fe35)
com.palantir.tokens:auth-tokens:3.14.0 (1 constraints: 20109ca9)
commons-io:commons-io:2.11.0 (1 constraints: 3605323b)
info.picocli:picocli:4.6.3 (1 constraints: 0f051436)
jakarta.annotation:jakarta.annotation-api:1.3.5 (2 constraints: e420a159)
jakarta.ws.rs:jakarta.ws.rs-api:2.1.6 (2 constraints: e420a159)
org.apache.commons:commons-lang3:3.12.0 (2 constraints: e6179c4a)
org.checkerframework:checker-qual:3.12.0 (1 constraints: 480a3bbf)
org.glassfish.hk2:osgi-resource-locator:1.0.3 (1 constraints: ef10e7c2)
org.glassfish.hk2.external:jakarta.inject:2.6.1 (1 constraints: f410fcc2)
org.glassfish.jersey.core:jersey-common:2.34 (1 constraints: dd04fd30)
org.immutables:value:2.8.8 (1 constraints: 14051536)
org.slf4j:slf4j-api:1.7.36 (4 constraints: 9d2dced2)
org.slf4j:slf4j-simple:1.7.36 (1 constraints: 43054b3b)
org.yaml:snakeyaml:1.30 (1 constraints: 6c17f527)

[Test dependencies]
junit:junit:4.13.2 (2 constraints: eb154ef7)
net.bytebuddy:byte-buddy:1.12.9 (1 constraints: 470b41de)
net.bytebuddy:byte-buddy-agent:1.12.9 (1 constraints: 470b41de)
net.jqwik:jqwik:1.6.5 (1 constraints: 0e050736)
net.jqwik:jqwik-api:1.6.5 (4 constraints: 6324be4b)
net.jqwik:jqwik-engine:1.6.5 (1 constraints: 9f07f96c)
net.jqwik:jqwik-time:1.6.5 (1 constraints: 9f07f96c)
net.jqwik:jqwik-web:1.6.5 (1 constraints: 9f07f96c)
org.apiguardian:apiguardian-api:1.1.2 (11 constraints: c89176c7)
org.assertj:assertj-core:3.22.0 (1 constraints: 39053f3b)
org.hamcrest:hamcrest:2.2 (1 constraints: 720b95d5)
org.hamcrest:hamcrest-core:2.2 (2 constraints: 730adbbf)
org.junit.jupiter:junit-jupiter:5.8.2 (1 constraints: 11051e36)
org.junit.jupiter:junit-jupiter-api:5.8.2 (3 constraints: 762f77dd)
org.junit.jupiter:junit-jupiter-engine:5.8.2 (1 constraints: 0c0edf3b)
org.junit.jupiter:junit-jupiter-params:5.8.2 (1 constraints: 0c0edf3b)
org.junit.platform:junit-platform-commons:1.8.2 (4 constraints: 2134dfaf)
org.junit.platform:junit-platform-engine:1.8.2 (3 constraints: 6b2b00f0)
org.junit.vintage:junit-vintage-engine:5.8.2 (1 constraints: 11051e36)
org.mockito:mockito-core:4.5.1 (1 constraints: 0c050f36)
org.objenesis:objenesis:3.2 (1 constraints: b10a13bd)
org.opentest4j:opentest4j:1.2.0 (6 constraints: 72469adf)
